
Microsoft Visual Studio Solution File, Format Version 12.00
# Visual Studio Version 16
VisualStudioVersion = 16.0.30523.141
MinimumVisualStudioVersion = 10.0.40219.1
Project("{8BC9CEB8-8B4A-11D0-8D11-00A0C91BC942}") = "Sandbox", "Sandbox\Sandbox.vcxproj", "{DE3F9B3A-058C-42B7-8BB5-C934E618E4D6}"
EndProject
Project("{8BC9CEB8-8B4A-11D0-8D11-00A0C91BC942}") = "Game Engine", "Game Engine\Game Engine.vcxproj", "{80248BC6-B485-4646-BE85-E22FFD806563}"
EndProject
Global
	GlobalSection(SolutionConfigurationPlatforms) = preSolution
		Debug|x64 = Debug|x64
		Release|x64 = Release|x64
	EndGlobalSection
	GlobalSection(ProjectConfigurationPlatforms) = postSolution
		{80248BC6-B485-4646-BE85-E22FFD806563}.Debug|x64.ActiveCfg = Debug|x64
		{80248BC6-B485-4646-BE85-E22FFD806563}.Debug|x64.Build.0 = Debug|x64
		{80248BC6-B485-4646-BE85-E22FFD806563}.Release|x64.ActiveCfg = Release|x64
		{80248BC6-B485-4646-BE85-E22FFD806563}.Release|x64.Build.0 = Release|x64
		{DE3F9B3A-058C-42B7-8BB5-C934E618E4D6}.Debug|x64.ActiveCfg = Debug|x64
		{DE3F9B3A-058C-42B7-8BB5-C934E618E4D6}.Debug|x64.Build.0 = Debug|x64
		{DE3F9B3A-058C-42B7-8BB5-C934E618E4D6}.Release|x64.ActiveCfg = Release|x64
		{DE3F9B3A-058C-42B7-8BB5-C934E618E4D6}.Release|x64.Build.0 = Release|x64
	EndGlobalSection
	GlobalSection(SolutionProperties) = preSolution
		HideSolutionNode = FALSE
	EndGlobalSection
	GlobalSection(ExtensibilityGlobals) = postSolution
		SolutionGuid = {AE5BFB43-9D99-4CFA-B0F2-5782456373C8}
	EndGlobalSection
EndGlobal
